
Microsoft Visual Studio Solution File, Format Version 12.00
# Visual Studio Version 16
VisualStudioVersion = 16.0.33214.272
MinimumVisualStudioVersion = 10.0.40219.1
Project("{FAE04EC0-301F-11D3-BF4B-00C04F79EFBC}") = "ShoppingListGraph", "ShoppingListGraph\ShoppingListGraph.csproj", "{60828029-98A7-4A98-94D5-478CFD97686A}"
EndProject
Global
	GlobalSection(SolutionConfigurationPlatforms) = preSolution
		Debug|Any CPU = Debug|Any CPU
		Release|Any CPU = Release|Any CPU
	EndGlobalSection
	GlobalSection(ProjectConfigurationPlatforms) = postSolution
		{60828029-98A7-4A98-94D5-478CFD97686A}.Debug|Any CPU.ActiveCfg = Debug|Any CPU
		{60828029-98A7-4A98-94D5-478CFD97686A}.Debug|Any CPU.Build.0 = Debug|Any CPU
		{60828029-98A7-4A98-94D5-478CFD97686A}.Release|Any CPU.ActiveCfg = Release|Any CPU
		{60828029-98A7-4A98-94D5-478CFD97686A}.Release|Any CPU.Build.0 = Release|Any CPU
	EndGlobalSection
	GlobalSection(SolutionProperties) = preSolution
		HideSolutionNode = FALSE
	EndGlobalSection
	GlobalSection(ExtensibilityGlobals) = postSolution
		SolutionGuid = {BB4C8E74-B237-4D1E-9E84-437FBABB2B80}
	EndGlobalSection
EndGlobal
